// !$*UTF8*$!
{
	archiveVersion = 1;
	classes = {
	};
	objectVersion = 56;
	objects = {

/* Begin PBXBuildFile section */
		F00F960E2C7683A80035D745 /* JustUserDefBuildSettings1App.swift in Sources */ = {isa = PBXBuildFile; fileRef = F00F960D2C7683A80035D745 /* JustUserDefBuildSettings1App.swift */; };
		F00F96102C7683A80035D745 /* ContentView.swift in Sources */ = {isa = PBXBuildFile; fileRef = F00F960F2C7683A80035D745 /* ContentView.swift */; };
		F00F96122C7683AA0035D745 /* Assets.xcassets in Resources */ = {isa = PBXBuildFile; fileRef = F00F96112C7683AA0035D745 /* Assets.xcassets */; };
		F00F96152C7683AA0035D745 /* Preview Assets.xcassets in Resources */ = {isa = PBXBuildFile; fileRef = F00F96142C7683AA0035D745 /* Preview Assets.xcassets */; };
		F00F961E2C76942D0035D745 /* JustUserDefBuildSettings1AppGlobalInfo.swift in Sources */ = {isa = PBXBuildFile; fileRef = F00F961D2C76942D0035D745 /* JustUserDefBuildSettings1AppGlobalInfo.swift */; };
		F0601D8E2C77B26700443D72 /* JmStringExtensions.swift in Sources */ = {isa = PBXBuildFile; fileRef = F0601D8C2C77B26700443D72 /* JmStringExtensions.swift */; };
		F0601D8F2C77B26700443D72 /* JmXcodeBuildSettings.swift in Sources */ = {isa = PBXBuildFile; fileRef = F0601D8D2C77B26700443D72 /* JmXcodeBuildSettings.swift */; };
		F0601D912C77B2AD00443D72 /* README.md in Resources */ = {isa = PBXBuildFile; fileRef = F0601D902C77B2AD00443D72 /* README.md */; };
/* End PBXBuildFile section */

/* Begin PBXFileReference section */
		F00F960A2C7683A80035D745 /* JustUserDefBuildSettings1.app */ = {isa = PBXFileReference; explicitFileType = wrapper.application; includeInIndex = 0; path = JustUserDefBuildSettings1.app; sourceTree = BUILT_PRODUCTS_DIR; };
		F00F960D2C7683A80035D745 /* JustUserDefBuildSettings1App.swift */ = {isa = PBXFileReference; lastKnownFileType = sourcecode.swift; path = JustUserDefBuildSettings1App.swift; sourceTree = "<group>"; };
		F00F960F2C7683A80035D745 /* ContentView.swift */ = {isa = PBXFileReference; lastKnownFileType = sourcecode.swift; path = ContentView.swift; sourceTree = "<group>"; };
		F00F96112C7683AA0035D745 /* Assets.xcassets */ = {isa = PBXFileReference; lastKnownFileType = folder.assetcatalog; path = Assets.xcassets; sourceTree = "<group>"; };
		F00F96142C7683AA0035D745 /* Preview Assets.xcassets */ = {isa = PBXFileReference; lastKnownFileType = folder.assetcatalog; path = "Preview Assets.xcassets"; sourceTree = "<group>"; };
		F00F96162C7683AA0035D745 /* JustUserDefBuildSettings1.entitlements */ = {isa = PBXFileReference; lastKnownFileType = text.plist.entitlements; path = JustUserDefBuildSettings1.entitlements; sourceTree = "<group>"; };
		F00F961C2C7687AE0035D745 /* Info.plist */ = {isa = PBXFileReference; lastKnownFileType = text.plist; path = Info.plist; sourceTree = "<group>"; };
		F00F961D2C76942D0035D745 /* JustUserDefBuildSettings1AppGlobalInfo.swift */ = {isa = PBXFileReference; fileEncoding = 4; lastKnownFileType = sourcecode.swift; path = JustUserDefBuildSettings1AppGlobalInfo.swift; sourceTree = "<group>"; };
		F0601D8C2C77B26700443D72 /* JmStringExtensions.swift */ = {isa = PBXFileReference; fileEncoding = 4; lastKnownFileType = sourcecode.swift; path = JmStringExtensions.swift; sourceTree = "<group>"; };
		F0601D8D2C77B26700443D72 /* JmXcodeBuildSettings.swift */ = {isa = PBXFileReference; fileEncoding = 4; lastKnownFileType = sourcecode.swift; path = JmXcodeBuildSettings.swift; sourceTree = "<group>"; };
		F0601D902C77B2AD00443D72 /* README.md */ = {isa = PBXFileReference; fileEncoding = 4; lastKnownFileType = net.daringfireball.markdown; path = README.md; sourceTree = "<group>"; };
/* End PBXFileReference section */

/* Begin PBXFrameworksBuildPhase section */
		F00F96072C7683A80035D745 /* Frameworks */ = {
			isa = PBXFrameworksBuildPhase;
			buildActionMask = 2147483647;
			files = (
			);
			runOnlyForDeploymentPostprocessing = 0;
		};
/* End PBXFrameworksBuildPhase section */

/* Begin PBXGroup section */
		F00F96012C7683A80035D745 = {
			isa = PBXGroup;
			children = (
				F00F960C2C7683A80035D745 /* JustUserDefBuildSettings1 */,
				F00F960B2C7683A80035D745 /* Products */,
			);
			sourceTree = "<group>";
		};
		F00F960B2C7683A80035D745 /* Products */ = {
			isa = PBXGroup;
			children = (
				F00F960A2C7683A80035D745 /* JustUserDefBuildSettings1.app */,
			);
			name = Products;
			sourceTree = "<group>";
		};
		F00F960C2C7683A80035D745 /* JustUserDefBuildSettings1 */ = {
			isa = PBXGroup;
			children = (
				F00F960D2C7683A80035D745 /* JustUserDefBuildSettings1App.swift */,
				F00F961D2C76942D0035D745 /* JustUserDefBuildSettings1AppGlobalInfo.swift */,
				F0601D8B2C77B20A00443D72 /* JmUtils */,
				F0601D8A2C77B1FD00443D72 /* Views */,
				F0601D902C77B2AD00443D72 /* README.md */,
				F00F961C2C7687AE0035D745 /* Info.plist */,
				F00F96162C7683AA0035D745 /* JustUserDefBuildSettings1.entitlements */,
				F00F96112C7683AA0035D745 /* Assets.xcassets */,
				F00F96132C7683AA0035D745 /* Preview Content */,
			);
			path = JustUserDefBuildSettings1;
			sourceTree = "<group>";
		};
		F00F96132C7683AA0035D745 /* Preview Content */ = {
			isa = PBXGroup;
			children = (
				F00F96142C7683AA0035D745 /* Preview Assets.xcassets */,
			);
			path = "Preview Content";
			sourceTree = "<group>";
		};
		F0601D8A2C77B1FD00443D72 /* Views */ = {
			isa = PBXGroup;
			children = (
				F00F960F2C7683A80035D745 /* ContentView.swift */,
			);
			path = Views;
			sourceTree = "<group>";
		};
		F0601D8B2C77B20A00443D72 /* JmUtils */ = {
			isa = PBXGroup;
			children = (
				F0601D8C2C77B26700443D72 /* JmStringExtensions.swift */,
				F0601D8D2C77B26700443D72 /* JmXcodeBuildSettings.swift */,
			);
			path = JmUtils;
			sourceTree = "<group>";
		};
/* End PBXGroup section */

/* Begin PBXNativeTarget section */
		F00F96092C7683A80035D745 /* JustUserDefBuildSettings1 */ = {
			isa = PBXNativeTarget;
			buildConfigurationList = F00F96192C7683AA0035D745 /* Build configuration list for PBXNativeTarget "JustUserDefBuildSettings1" */;
			buildPhases = (
				F00F96062C7683A80035D745 /* Sources */,
				F00F96072C7683A80035D745 /* Frameworks */,
				F00F96082C7683A80035D745 /* Resources */,
			);
			buildRules = (
			);
			dependencies = (
			);
			name = JustUserDefBuildSettings1;
			productName = JustUserDefBuildSettings1;
			productReference = F00F960A2C7683A80035D745 /* JustUserDefBuildSettings1.app */;
			productType = "com.apple.product-type.application";
		};
/* End PBXNativeTarget section */

/* Begin PBXProject section */
		F00F96022C7683A80035D745 /* Project object */ = {
			isa = PBXProject;
			attributes = {
				BuildIndependentTargetsInParallel = 1;
				LastSwiftUpdateCheck = 1540;
				LastUpgradeCheck = 1540;
				TargetAttributes = {
					F00F96092C7683A80035D745 = {
						CreatedOnToolsVersion = 15.4;
					};
				};
			};
			buildConfigurationList = F00F96052C7683A80035D745 /* Build configuration list for PBXProject "JustUserDefBuildSettings1" */;
			compatibilityVersion = "Xcode 14.0";
			developmentRegion = en;
			hasScannedForEncodings = 0;
			knownRegions = (
				en,
				Base,
			);
			mainGroup = F00F96012C7683A80035D745;
			productRefGroup = F00F960B2C7683A80035D745 /* Products */;
			projectDirPath = "";
			projectRoot = "";
			targets = (
				F00F96092C7683A80035D745 /* JustUserDefBuildSettings1 */,
			);
		};
/* End PBXProject section */

/* Begin PBXResourcesBuildPhase section */
		F00F96082C7683A80035D745 /* Resources */ = {
			isa = PBXResourcesBuildPhase;
			buildActionMask = 2147483647;
			files = (
				F0601D912C77B2AD00443D72 /* README.md in Resources */,
				F00F96152C7683AA0035D745 /* Preview Assets.xcassets in Resources */,
				F00F96122C7683AA0035D745 /* Assets.xcassets in Resources */,
			);
			runOnlyForDeploymentPostprocessing = 0;
		};
/* End PBXResourcesBuildPhase section */

/* Begin PBXSourcesBuildPhase section */
		F00F96062C7683A80035D745 /* Sources */ = {
			isa = PBXSourcesBuildPhase;
			buildActionMask = 2147483647;
			files = (
				F00F96102C7683A80035D745 /* ContentView.swift in Sources */,
				F0601D8E2C77B26700443D72 /* JmStringExtensions.swift in Sources */,
				F00F961E2C76942D0035D745 /* JustUserDefBuildSettings1AppGlobalInfo.swift in Sources */,
				F00F960E2C7683A80035D745 /* JustUserDefBuildSettings1App.swift in Sources */,
				F0601D8F2C77B26700443D72 /* JmXcodeBuildSettings.swift in Sources */,
			);
			runOnlyForDeploymentPostprocessing = 0;
		};
/* End PBXSourcesBuildPhase section */

/* Begin XCBuildConfiguration section */
		F00F96172C7683AA0035D745 /* Debug */ = {
			isa = XCBuildConfiguration;
			buildSettings = {
				ALWAYS_SEARCH_USER_PATHS = NO;
				ASSETCATALOG_COMPILER_GENERATE_SWIFT_ASSET_SYMBOL_EXTENSIONS = YES;
				CLANG_ANALYZER_NONNULL = YES;
				CLANG_ANALYZER_NUMBER_OBJECT_CONVERSION = YES_AGGRESSIVE;
				CLANG_CXX_LANGUAGE_STANDARD = "gnu++20";
				CLANG_ENABLE_MODULES = YES;
				CLANG_ENABLE_OBJC_ARC = YES;
				CLANG_ENABLE_OBJC_WEAK = YES;
				CLANG_WARN_BLOCK_CAPTURE_AUTORELEASING = YES;
				CLANG_WARN_BOOL_CONVERSION = YES;
				CLANG_WARN_COMMA = YES;
				CLANG_WARN_CONSTANT_CONVERSION = YES;
				CLANG_WARN_DEPRECATED_OBJC_IMPLEMENTATIONS = YES;
				CLANG_WARN_DIRECT_OBJC_ISA_USAGE = YES_ERROR;
				CLANG_WARN_DOCUMENTATION_COMMENTS = YES;
				CLANG_WARN_EMPTY_BODY = YES;
				CLANG_WARN_ENUM_CONVERSION = YES;
				CLANG_WARN_INFINITE_RECURSION = YES;
				CLANG_WARN_INT_CONVERSION = YES;
				CLANG_WARN_NON_LITERAL_NULL_CONVERSION = YES;
				CLANG_WARN_OBJC_IMPLICIT_RETAIN_SELF = YES;
				CLANG_WARN_OBJC_LITERAL_CONVERSION = YES;
				CLANG_WARN_OBJC_ROOT_CLASS = YES_ERROR;
				CLANG_WARN_QUOTED_INCLUDE_IN_FRAMEWORK_HEADER = YES;
				CLANG_WARN_RANGE_LOOP_ANALYSIS = YES;
				CLANG_WARN_STRICT_PROTOTYPES = YES;
				CLANG_WARN_SUSPICIOUS_MOVE = YES;
				CLANG_WARN_UNGUARDED_AVAILABILITY = YES_AGGRESSIVE;
				CLANG_WARN_UNREACHABLE_CODE = YES;
				CLANG_WARN__DUPLICATE_METHOD_MATCH = YES;
				COPY_PHASE_STRIP = NO;
				DEBUG_INFORMATION_FORMAT = dwarf;
				ENABLE_STRICT_OBJC_MSGSEND = YES;
				ENABLE_TESTABILITY = YES;
				ENABLE_USER_SCRIPT_SANDBOXING = YES;
				GCC_C_LANGUAGE_STANDARD = gnu17;
				GCC_DYNAMIC_NO_PIC = NO;
				GCC_NO_COMMON_BLOCKS = YES;
				GCC_OPTIMIZATION_LEVEL = 0;
				GCC_PREPROCESSOR_DEFINITIONS = (
					"DEBUG=1",
					"$(inherited)",
				);
				GCC_WARN_64_TO_32_BIT_CONVERSION = YES;
				GCC_WARN_ABOUT_RETURN_TYPE = YES_ERROR;
				GCC_WARN_UNDECLARED_SELECTOR = YES;
				GCC_WARN_UNINITIALIZED_AUTOS = YES_AGGRESSIVE;
				GCC_WARN_UNUSED_FUNCTION = YES;
				GCC_WARN_UNUSED_VARIABLE = YES;
				LOCALIZATION_PREFERS_STRING_CATALOGS = YES;
				MACOSX_DEPLOYMENT_TARGET = 14.5;
				MTL_ENABLE_DEBUG_INFO = INCLUDE_SOURCE;
				MTL_FAST_MATH = YES;
				ONLY_ACTIVE_ARCH = YES;
				SDKROOT = macosx;
				SWIFT_ACTIVE_COMPILATION_CONDITIONS = "DEBUG $(inherited)";
				SWIFT_OPTIMIZATION_LEVEL = "-Onone";
			};
			name = Debug;
		};
		F00F96182C7683AA0035D745 /* Release */ = {
			isa = XCBuildConfiguration;
			buildSettings = {
				ALWAYS_SEARCH_USER_PATHS = NO;
				ASSETCATALOG_COMPILER_GENERATE_SWIFT_ASSET_SYMBOL_EXTENSIONS = YES;
				CLANG_ANALYZER_NONNULL = YES;
				CLANG_ANALYZER_NUMBER_OBJECT_CONVERSION = YES_AGGRESSIVE;
				CLANG_CXX_LANGUAGE_STANDARD = "gnu++20";
				CLANG_ENABLE_MODULES = YES;
				CLANG_ENABLE_OBJC_ARC = YES;
				CLANG_ENABLE_OBJC_WEAK = YES;
				CLANG_WARN_BLOCK_CAPTURE_AUTORELEASING = YES;
				CLANG_WARN_BOOL_CONVERSION = YES;
				CLANG_WARN_COMMA = YES;
				CLANG_WARN_CONSTANT_CONVERSION = YES;
				CLANG_WARN_DEPRECATED_OBJC_IMPLEMENTATIONS = YES;
				CLANG_WARN_DIRECT_OBJC_ISA_USAGE = YES_ERROR;
				CLANG_WARN_DOCUMENTATION_COMMENTS = YES;
				CLANG_WARN_EMPTY_BODY = YES;
				CLANG_WARN_ENUM_CONVERSION = YES;
				CLANG_WARN_INFINITE_RECURSION = YES;
				CLANG_WARN_INT_CONVERSION = YES;
				CLANG_WARN_NON_LITERAL_NULL_CONVERSION = YES;
				CLANG_WARN_OBJC_IMPLICIT_RETAIN_SELF = YES;
				CLANG_WARN_OBJC_LITERAL_CONVERSION = YES;
				CLANG_WARN_OBJC_ROOT_CLASS = YES_ERROR;
				CLANG_WARN_QUOTED_INCLUDE_IN_FRAMEWORK_HEADER = YES;
				CLANG_WARN_RANGE_LOOP_ANALYSIS = YES;
				CLANG_WARN_STRICT_PROTOTYPES = YES;
				CLANG_WARN_SUSPICIOUS_MOVE = YES;
				CLANG_WARN_UNGUARDED_AVAILABILITY = YES_AGGRESSIVE;
				CLANG_WARN_UNREACHABLE_CODE = YES;
				CLANG_WARN__DUPLICATE_METHOD_MATCH = YES;
				COPY_PHASE_STRIP = NO;
				DEBUG_INFORMATION_FORMAT = "dwarf-with-dsym";
				ENABLE_NS_ASSERTIONS = NO;
				ENABLE_STRICT_OBJC_MSGSEND = YES;
				ENABLE_USER_SCRIPT_SANDBOXING = YES;
				GCC_C_LANGUAGE_STANDARD = gnu17;
				GCC_NO_COMMON_BLOCKS = YES;
				GCC_WARN_64_TO_32_BIT_CONVERSION = YES;
				GCC_WARN_ABOUT_RETURN_TYPE = YES_ERROR;
				GCC_WARN_UNDECLARED_SELECTOR = YES;
				GCC_WARN_UNINITIALIZED_AUTOS = YES_AGGRESSIVE;
				GCC_WARN_UNUSED_FUNCTION = YES;
				GCC_WARN_UNUSED_VARIABLE = YES;
				LOCALIZATION_PREFERS_STRING_CATALOGS = YES;
				MACOSX_DEPLOYMENT_TARGET = 14.5;
				MTL_ENABLE_DEBUG_INFO = NO;
				MTL_FAST_MATH = YES;
				SDKROOT = macosx;
				SWIFT_COMPILATION_MODE = wholemodule;
			};
			name = Release;
		};
		F00F961A2C7683AA0035D745 /* Debug */ = {
			isa = XCBuildConfiguration;
			buildSettings = {
				ASSETCATALOG_COMPILER_APPICON_NAME = AppIcon;
				ASSETCATALOG_COMPILER_GLOBAL_ACCENT_COLOR_NAME = AccentColor;
				CODE_SIGN_ENTITLEMENTS = JustUserDefBuildSettings1/JustUserDefBuildSettings1.entitlements;
				CODE_SIGN_STYLE = Automatic;
				COMBINE_HIDPI_IMAGES = YES;
				CURRENT_PROJECT_VERSION = 03.01.24C241;
				DEVELOPMENT_ASSET_PATHS = "\"JustUserDefBuildSettings1/Preview Content\"";
				DEVELOPMENT_TEAM = J434W9VGHF;
				ENABLE_HARDENED_RUNTIME = YES;
				ENABLE_PREVIEWS = YES;
				GENERATE_INFOPLIST_FILE = YES;
				INFOPLIST_FILE = JustUserDefBuildSettings1/Info.plist;
				INFOPLIST_KEY_CFBundleDisplayName = JustUserDefBuildSettings1;
				INFOPLIST_KEY_LSApplicationCategoryType = "public.app-category.utilities";
				INFOPLIST_KEY_NSHumanReadableCopyright = "Copyright (C) JustMacApps 2023-2024. All Rights Reserved.";
				IPHONEOS_DEPLOYMENT_TARGET = 17.0;
				JMA_USER_SETTING_1 = "TRUE (Yes it is)";
				LD_RUNPATH_SEARCH_PATHS = (
					"$(inherited)",
					"@executable_path/../Frameworks",
				);
				MACOSX_DEPLOYMENT_TARGET = 14.0;
				MARKETING_VERSION = 1.01;
				PRODUCT_BUNDLE_IDENTIFIER = net.justmacapps.JustUserDefBuildSettings1;
				PRODUCT_NAME = "$(TARGET_NAME)";
				SUPPORTED_PLATFORMS = "iphoneos iphonesimulator macosx";
				SUPPORTS_MACCATALYST = NO;
				SWIFT_EMIT_LOC_STRINGS = YES;
				SWIFT_VERSION = 5.0;
				TARGETED_DEVICE_FAMILY = "1,2";
			};
			name = Debug;
		};
		F00F961B2C7683AA0035D745 /* Release */ = {
			isa = XCBuildConfiguration;
			buildSettings = {
				ASSETCATALOG_COMPILER_APPICON_NAME = AppIcon;
				ASSETCATALOG_COMPILER_GLOBAL_ACCENT_COLOR_NAME = AccentColor;
				CODE_SIGN_ENTITLEMENTS = JustUserDefBuildSettings1/JustUserDefBuildSettings1.entitlements;
				CODE_SIGN_STYLE = Automatic;
				COMBINE_HIDPI_IMAGES = YES;
				CURRENT_PROJECT_VERSION = 03.01.24C241;
				DEVELOPMENT_ASSET_PATHS = "\"JustUserDefBuildSettings1/Preview Content\"";
				DEVELOPMENT_TEAM = J434W9VGHF;
				ENABLE_HARDENED_RUNTIME = YES;
				ENABLE_PREVIEWS = YES;
				GENERATE_INFOPLIST_FILE = YES;
				INFOPLIST_FILE = JustUserDefBuildSettings1/Info.plist;
				INFOPLIST_KEY_CFBundleDisplayName = JustUserDefBuildSettings1;
				INFOPLIST_KEY_LSApplicationCategoryType = "public.app-category.utilities";
				INFOPLIST_KEY_NSHumanReadableCopyright = "Copyright (C) JustMacApps 2023-2024. All Rights Reserved.";
				IPHONEOS_DEPLOYMENT_TARGET = 17.0;
				JMA_USER_SETTING_1 = "TRUE (Yes it is)";
				LD_RUNPATH_SEARCH_PATHS = (
					"$(inherited)",
					"@executable_path/../Frameworks",
				);
				MACOSX_DEPLOYMENT_TARGET = 14.0;
				MARKETING_VERSION = 1.01;
				PRODUCT_BUNDLE_IDENTIFIER = net.justmacapps.JustUserDefBuildSettings1;
				PRODUCT_NAME = "$(TARGET_NAME)";
				SUPPORTED_PLATFORMS = "iphoneos iphonesimulator macosx";
				SUPPORTS_MACCATALYST = NO;
				SWIFT_EMIT_LOC_STRINGS = YES;
				SWIFT_VERSION = 5.0;
				TARGETED_DEVICE_FAMILY = "1,2";
			};
			name = Release;
		};
/* End XCBuildConfiguration section */

/* Begin XCConfigurationList section */
		F00F96052C7683A80035D745 /* Build configuration list for PBXProject "JustUserDefBuildSettings1" */ = {
			isa = XCConfigurationList;
			buildConfigurations = (
				F00F96172C7683AA0035D745 /* Debug */,
				F00F96182C7683AA0035D745 /* Release */,
			);
			defaultConfigurationIsVisible = 0;
			defaultConfigurationName = Release;
		};
		F00F96192C7683AA0035D745 /* Build configuration list for PBXNativeTarget "JustUserDefBuildSettings1" */ = {
			isa = XCConfigurationList;
			buildConfigurations = (
				F00F961A2C7683AA0035D745 /* Debug */,
				F00F961B2C7683AA0035D745 /* Release */,
			);
			defaultConfigurationIsVisible = 0;
			defaultConfigurationName = Release;
		};
/* End XCConfigurationList section */
	};
	rootObject = F00F96022C7683A80035D745 /* Project object */;
}
